
Microsoft Visual Studio Solution File, Format Version 12.00
# Visual Studio Version 17
VisualStudioVersion = 17.5.002.0
MinimumVisualStudioVersion = 10.0.40219.1
Project("{9A19103F-16F7-4668-BE54-9A1E7A4F7556}") = "ExemploExplorando", "ExemploExplorando.csproj", "{A90A7235-F98E-4229-9BC6-50419F3D6167}"
EndProject
Global
	GlobalSection(SolutionConfigurationPlatforms) = preSolution
		Debug|Any CPU = Debug|Any CPU
		Release|Any CPU = Release|Any CPU
	EndGlobalSection
	GlobalSection(ProjectConfigurationPlatforms) = postSolution
		{A90A7235-F98E-4229-9BC6-50419F3D6167}.Debug|Any CPU.ActiveCfg = Debug|Any CPU
		{A90A7235-F98E-4229-9BC6-50419F3D6167}.Debug|Any CPU.Build.0 = Debug|Any CPU
		{A90A7235-F98E-4229-9BC6-50419F3D6167}.Release|Any CPU.ActiveCfg = Release|Any CPU
		{A90A7235-F98E-4229-9BC6-50419F3D6167}.Release|Any CPU.Build.0 = Release|Any CPU
	EndGlobalSection
	GlobalSection(SolutionProperties) = preSolution
		HideSolutionNode = FALSE
	EndGlobalSection
	GlobalSection(ExtensibilityGlobals) = postSolution
		SolutionGuid = {395B1897-BFAA-4A13-941E-D70BEB05109C}
	EndGlobalSection
EndGlobal
